
Microsoft Visual Studio Solution File, Format Version 12.00
# Visual Studio Version 17
VisualStudioVersion = 17.3.32929.385
MinimumVisualStudioVersion = 10.0.40219.1
Project("{FAE04EC0-301F-11D3-BF4B-00C04F79EFBC}") = "Prueba2", "Prueba2.csproj", "{86C27BD3-7282-4FA9-A17A-6F6D8397E670}"
EndProject
Global
	GlobalSection(SolutionConfigurationPlatforms) = preSolution
		Debug|Any CPU = Debug|Any CPU
		Release|Any CPU = Release|Any CPU
	EndGlobalSection
	GlobalSection(ProjectConfigurationPlatforms) = postSolution
		{86C27BD3-7282-4FA9-A17A-6F6D8397E670}.Debug|Any CPU.ActiveCfg = Debug|Any CPU
		{86C27BD3-7282-4FA9-A17A-6F6D8397E670}.Debug|Any CPU.Build.0 = Debug|Any CPU
		{86C27BD3-7282-4FA9-A17A-6F6D8397E670}.Release|Any CPU.ActiveCfg = Release|Any CPU
		{86C27BD3-7282-4FA9-A17A-6F6D8397E670}.Release|Any CPU.Build.0 = Release|Any CPU
	EndGlobalSection
	GlobalSection(SolutionProperties) = preSolution
		HideSolutionNode = FALSE
	EndGlobalSection
	GlobalSection(ExtensibilityGlobals) = postSolution
		SolutionGuid = {4F4555FC-5BC4-4479-BBFE-EF4AFB38EEA8}
	EndGlobalSection
EndGlobal
